// !$*UTF8*$!
{
	archiveVersion = 1;
	classes = {
	};
	objectVersion = 46;
	objects = {

/* Begin PBXBuildFile section */
		B62EB3CD1B837B2F00E314B3 /* main.m in Sources */ = {isa = PBXBuildFile; fileRef = B62EB3CC1B837B2F00E314B3 /* main.m */; };
		B62EB3D01B837B2F00E314B3 /* AppDelegate.m in Sources */ = {isa = PBXBuildFile; fileRef = B62EB3CF1B837B2F00E314B3 /* AppDelegate.m */; };
		B62EB3D31B837B2F00E314B3 /* ViewController.m in Sources */ = {isa = PBXBuildFile; fileRef = B62EB3D21B837B2F00E314B3 /* ViewController.m */; };
		B62EB3D61B837B2F00E314B3 /* Main.storyboard in Resources */ = {isa = PBXBuildFile; fileRef = B62EB3D41B837B2F00E314B3 /* Main.storyboard */; };
		B62EB3D81B837B2F00E314B3 /* Images.xcassets in Resources */ = {isa = PBXBuildFile; fileRef = B62EB3D71B837B2F00E314B3 /* Images.xcassets */; };
		B62EB3DB1B837B2F00E314B3 /* LaunchScreen.xib in Resources */ = {isa = PBXBuildFile; fileRef = B62EB3D91B837B2F00E314B3 /* LaunchScreen.xib */; };
		B62EB3E71B837B2F00E314B3 /* ToDoAppTests.m in Sources */ = {isa = PBXBuildFile; fileRef = B62EB3E61B837B2F00E314B3 /* ToDoAppTests.m */; };
		B62EB3F21B837CBB00E314B3 /* ToDoTableViewCell.m in Sources */ = {isa = PBXBuildFile; fileRef = B62EB3F11B837CBB00E314B3 /* ToDoTableViewCell.m */; };
		B62EB3F51B837F1F00E314B3 /* ToDoItem.m in Sources */ = {isa = PBXBuildFile; fileRef = B62EB3F41B837F1F00E314B3 /* ToDoItem.m */; };
		B62EB3F81B8389C200E314B3 /* DetailsViewController.m in Sources */ = {isa = PBXBuildFile; fileRef = B62EB3F71B8389C200E314B3 /* DetailsViewController.m */; };
		B62EB3FB1B839AD600E314B3 /* UserTodoViewController.m in Sources */ = {isa = PBXBuildFile; fileRef = B62EB3FA1B839AD600E314B3 /* UserTodoViewController.m */; };
/* End PBXBuildFile section */

/* Begin PBXContainerItemProxy section */
		B62EB3E11B837B2F00E314B3 /* PBXContainerItemProxy */ = {
			isa = PBXContainerItemProxy;
			containerPortal = B62EB3BF1B837B2F00E314B3 /* Project object */;
			proxyType = 1;
			remoteGlobalIDString = B62EB3C61B837B2F00E314B3;
			remoteInfo = ToDoApp;
		};
/* End PBXContainerItemProxy section */

/* Begin PBXFileReference section */
		B62EB3C71B837B2F00E314B3 /* ToDoApp.app */ = {isa = PBXFileReference; explicitFileType = wrapper.application; includeInIndex = 0; path = ToDoApp.app; sourceTree = BUILT_PRODUCTS_DIR; };
		B62EB3CB1B837B2F00E314B3 /* Info.plist */ = {isa = PBXFileReference; lastKnownFileType = text.plist.xml; path = Info.plist; sourceTree = "<group>"; };
		B62EB3CC1B837B2F00E314B3 /* main.m */ = {isa = PBXFileReference; lastKnownFileType = sourcecode.c.objc; path = main.m; sourceTree = "<group>"; };
		B62EB3CE1B837B2F00E314B3 /* AppDelegate.h */ = {isa = PBXFileReference; lastKnownFileType = sourcecode.c.h; path = AppDelegate.h; sourceTree = "<group>"; };
		B62EB3CF1B837B2F00E314B3 /* AppDelegate.m */ = {isa = PBXFileReference; lastKnownFileType = sourcecode.c.objc; path = AppDelegate.m; sourceTree = "<group>"; };
		B62EB3D11B837B2F00E314B3 /* ViewController.h */ = {isa = PBXFileReference; lastKnownFileType = sourcecode.c.h; path = ViewController.h; sourceTree = "<group>"; };
		B62EB3D21B837B2F00E314B3 /* ViewController.m */ = {isa = PBXFileReference; lastKnownFileType = sourcecode.c.objc; path = ViewController.m; sourceTree = "<group>"; };
		B62EB3D51B837B2F00E314B3 /* Base */ = {isa = PBXFileReference; lastKnownFileType = file.storyboard; name = Base; path = Base.lproj/Main.storyboard; sourceTree = "<group>"; };
		B62EB3D71B837B2F00E314B3 /* Images.xcassets */ = {isa = PBXFileReference; lastKnownFileType = folder.assetcatalog; path = Images.xcassets; sourceTree = "<group>"; };
		B62EB3DA1B837B2F00E314B3 /* Base */ = {isa = PBXFileReference; lastKnownFileType = file.xib; name = Base; path = Base.lproj/LaunchScreen.xib; sourceTree = "<group>"; };
		B62EB3E01B837B2F00E314B3 /* ToDoAppTests.xctest */ = {isa = PBXFileReference; explicitFileType = wrapper.cfbundle; includeInIndex = 0; path = ToDoAppTests.xctest; sourceTree = BUILT_PRODUCTS_DIR; };
		B62EB3E51B837B2F00E314B3 /* Info.plist */ = {isa = PBXFileReference; lastKnownFileType = text.plist.xml; path = Info.plist; sourceTree = "<group>"; };
		B62EB3E61B837B2F00E314B3 /* ToDoAppTests.m */ = {isa = PBXFileReference; lastKnownFileType = sourcecode.c.objc; path = ToDoAppTests.m; sourceTree = "<group>"; };
		B62EB3F01B837CBB00E314B3 /* ToDoTableViewCell.h */ = {isa = PBXFileReference; fileEncoding = 4; lastKnownFileType = sourcecode.c.h; path = ToDoTableViewCell.h; sourceTree = "<group>"; };
		B62EB3F11B837CBB00E314B3 /* ToDoTableViewCell.m */ = {isa = PBXFileReference; fileEncoding = 4; lastKnownFileType = sourcecode.c.objc; path = ToDoTableViewCell.m; sourceTree = "<group>"; };
		B62EB3F31B837F1F00E314B3 /* ToDoItem.h */ = {isa = PBXFileReference; fileEncoding = 4; lastKnownFileType = sourcecode.c.h; path = ToDoItem.h; sourceTree = "<group>"; };
		B62EB3F41B837F1F00E314B3 /* ToDoItem.m */ = {isa = PBXFileReference; fileEncoding = 4; lastKnownFileType = sourcecode.c.objc; path = ToDoItem.m; sourceTree = "<group>"; };
		B62EB3F61B8389C200E314B3 /* DetailsViewController.h */ = {isa = PBXFileReference; fileEncoding = 4; lastKnownFileType = sourcecode.c.h; path = DetailsViewController.h; sourceTree = "<group>"; };
		B62EB3F71B8389C200E314B3 /* DetailsViewController.m */ = {isa = PBXFileReference; fileEncoding = 4; lastKnownFileType = sourcecode.c.objc; path = DetailsViewController.m; sourceTree = "<group>"; };
		B62EB3F91B839AD600E314B3 /* UserTodoViewController.h */ = {isa = PBXFileReference; fileEncoding = 4; lastKnownFileType = sourcecode.c.h; path = UserTodoViewController.h; sourceTree = "<group>"; };
		B62EB3FA1B839AD600E314B3 /* UserTodoViewController.m */ = {isa = PBXFileReference; fileEncoding = 4; lastKnownFileType = sourcecode.c.objc; path = UserTodoViewController.m; sourceTree = "<group>"; };
/* End PBXFileReference section */

/* Begin PBXFrameworksBuildPhase section */
		B62EB3C41B837B2F00E314B3 /* Frameworks */ = {
			isa = PBXFrameworksBuildPhase;
			buildActionMask = 2147483647;
			files = (
			);
			runOnlyForDeploymentPostprocessing = 0;
		};
		B62EB3DD1B837B2F00E314B3 /* Frameworks */ = {
			isa = PBXFrameworksBuildPhase;
			buildActionMask = 2147483647;
			files = (
			);
			runOnlyForDeploymentPostprocessing = 0;
		};
/* End PBXFrameworksBuildPhase section */

/* Begin PBXGroup section */
		B62EB3BE1B837B2F00E314B3 = {
			isa = PBXGroup;
			children = (
				B62EB3C91B837B2F00E314B3 /* ToDoApp */,
				B62EB3E31B837B2F00E314B3 /* ToDoAppTests */,
				B62EB3C81B837B2F00E314B3 /* Products */,
			);
			sourceTree = "<group>";
		};
		B62EB3C81B837B2F00E314B3 /* Products */ = {
			isa = PBXGroup;
			children = (
				B62EB3C71B837B2F00E314B3 /* ToDoApp.app */,
				B62EB3E01B837B2F00E314B3 /* ToDoAppTests.xctest */,
			);
			name = Products;
			sourceTree = "<group>";
		};
		B62EB3C91B837B2F00E314B3 /* ToDoApp */ = {
			isa = PBXGroup;
			children = (
				B62EB3CE1B837B2F00E314B3 /* AppDelegate.h */,
				B62EB3CF1B837B2F00E314B3 /* AppDelegate.m */,
				B62EB3D11B837B2F00E314B3 /* ViewController.h */,
				B62EB3D21B837B2F00E314B3 /* ViewController.m */,
				B62EB3F91B839AD600E314B3 /* UserTodoViewController.h */,
				B62EB3FA1B839AD600E314B3 /* UserTodoViewController.m */,
				B62EB3F31B837F1F00E314B3 /* ToDoItem.h */,
				B62EB3F41B837F1F00E314B3 /* ToDoItem.m */,
				B62EB3D41B837B2F00E314B3 /* Main.storyboard */,
				B62EB3F61B8389C200E314B3 /* DetailsViewController.h */,
				B62EB3F71B8389C200E314B3 /* DetailsViewController.m */,
				B62EB3F01B837CBB00E314B3 /* ToDoTableViewCell.h */,
				B62EB3F11B837CBB00E314B3 /* ToDoTableViewCell.m */,
				B62EB3D71B837B2F00E314B3 /* Images.xcassets */,
				B62EB3D91B837B2F00E314B3 /* LaunchScreen.xib */,
				B62EB3CA1B837B2F00E314B3 /* Supporting Files */,
			);
			path = ToDoApp;
			sourceTree = "<group>";
		};
		B62EB3CA1B837B2F00E314B3 /* Supporting Files */ = {
			isa = PBXGroup;
			children = (
				B62EB3CB1B837B2F00E314B3 /* Info.plist */,
				B62EB3CC1B837B2F00E314B3 /* main.m */,
			);
			name = "Supporting Files";
			sourceTree = "<group>";
		};
		B62EB3E31B837B2F00E314B3 /* ToDoAppTests */ = {
			isa = PBXGroup;
			children = (
				B62EB3E61B837B2F00E314B3 /* ToDoAppTests.m */,
				B62EB3E41B837B2F00E314B3 /* Supporting Files */,
			);
			path = ToDoAppTests;
			sourceTree = "<group>";
		};
		B62EB3E41B837B2F00E314B3 /* Supporting Files */ = {
			isa = PBXGroup;
			children = (
				B62EB3E51B837B2F00E314B3 /* Info.plist */,
			);
			name = "Supporting Files";
			sourceTree = "<group>";
		};
/* End PBXGroup section */

/* Begin PBXNativeTarget section */
		B62EB3C61B837B2F00E314B3 /* ToDoApp */ = {
			isa = PBXNativeTarget;
			buildConfigurationList = B62EB3EA1B837B2F00E314B3 /* Build configuration list for PBXNativeTarget "ToDoApp" */;
			buildPhases = (
				B62EB3C31B837B2F00E314B3 /* Sources */,
				B62EB3C41B837B2F00E314B3 /* Frameworks */,
				B62EB3C51B837B2F00E314B3 /* Resources */,
			);
			buildRules = (
			);
			dependencies = (
			);
			name = ToDoApp;
			productName = ToDoApp;
			productReference = B62EB3C71B837B2F00E314B3 /* ToDoApp.app */;
			productType = "com.apple.product-type.application";
		};
		B62EB3DF1B837B2F00E314B3 /* ToDoAppTests */ = {
			isa = PBXNativeTarget;
			buildConfigurationList = B62EB3ED1B837B2F00E314B3 /* Build configuration list for PBXNativeTarget "ToDoAppTests" */;
			buildPhases = (
				B62EB3DC1B837B2F00E314B3 /* Sources */,
				B62EB3DD1B837B2F00E314B3 /* Frameworks */,
				B62EB3DE1B837B2F00E314B3 /* Resources */,
			);
			buildRules = (
			);
			dependencies = (
				B62EB3E21B837B2F00E314B3 /* PBXTargetDependency */,
			);
			name = ToDoAppTests;
			productName = ToDoAppTests;
			productReference = B62EB3E01B837B2F00E314B3 /* ToDoAppTests.xctest */;
			productType = "com.apple.product-type.bundle.unit-test";
		};
/* End PBXNativeTarget section */

/* Begin PBXProject section */
		B62EB3BF1B837B2F00E314B3 /* Project object */ = {
			isa = PBXProject;
			attributes = {
				LastUpgradeCheck = 0640;
				ORGANIZATIONNAME = "Arsalan Vakili";
				TargetAttributes = {
					B62EB3C61B837B2F00E314B3 = {
						CreatedOnToolsVersion = 6.4;
					};
					B62EB3DF1B837B2F00E314B3 = {
						CreatedOnToolsVersion = 6.4;
						TestTargetID = B62EB3C61B837B2F00E314B3;
					};
				};
			};
			buildConfigurationList = B62EB3C21B837B2F00E314B3 /* Build configuration list for PBXProject "ToDoApp" */;
			compatibilityVersion = "Xcode 3.2";
			developmentRegion = English;
			hasScannedForEncodings = 0;
			knownRegions = (
				en,
				Base,
			);
			mainGroup = B62EB3BE1B837B2F00E314B3;
			productRefGroup = B62EB3C81B837B2F00E314B3 /* Products */;
			projectDirPath = "";
			projectRoot = "";
			targets = (
				B62EB3C61B837B2F00E314B3 /* ToDoApp */,
				B62EB3DF1B837B2F00E314B3 /* ToDoAppTests */,
			);
		};
/* End PBXProject section */

/* Begin PBXResourcesBuildPhase section */
		B62EB3C51B837B2F00E314B3 /* Resources */ = {
			isa = PBXResourcesBuildPhase;
			buildActionMask = 2147483647;
			files = (
				B62EB3D61B837B2F00E314B3 /* Main.storyboard in Resources */,
				B62EB3DB1B837B2F00E314B3 /* LaunchScreen.xib in Resources */,
				B62EB3D81B837B2F00E314B3 /* Images.xcassets in Resources */,
			);
			runOnlyForDeploymentPostprocessing = 0;
		};
		B62EB3DE1B837B2F00E314B3 /* Resources */ = {
			isa = PBXResourcesBuildPhase;
			buildActionMask = 2147483647;
			files = (
			);
			runOnlyForDeploymentPostprocessing = 0;
		};
/* End PBXResourcesBuildPhase section */

/* Begin PBXSourcesBuildPhase section */
		B62EB3C31B837B2F00E314B3 /* Sources */ = {
			isa = PBXSourcesBuildPhase;
			buildActionMask = 2147483647;
			files = (
				B62EB3D31B837B2F00E314B3 /* ViewController.m in Sources */,
				B62EB3F51B837F1F00E314B3 /* ToDoItem.m in Sources */,
				B62EB3FB1B839AD600E314B3 /* UserTodoViewController.m in Sources */,
				B62EB3D01B837B2F00E314B3 /* AppDelegate.m in Sources */,
				B62EB3F81B8389C200E314B3 /* DetailsViewController.m in Sources */,
				B62EB3CD1B837B2F00E314B3 /* main.m in Sources */,
				B62EB3F21B837CBB00E314B3 /* ToDoTableViewCell.m in Sources */,
			);
			runOnlyForDeploymentPostprocessing = 0;
		};
		B62EB3DC1B837B2F00E314B3 /* Sources */ = {
			isa = PBXSourcesBuildPhase;
			buildActionMask = 2147483647;
			files = (
				B62EB3E71B837B2F00E314B3 /* ToDoAppTests.m in Sources */,
			);
			runOnlyForDeploymentPostprocessing = 0;
		};
/* End PBXSourcesBuildPhase section */

/* Begin PBXTargetDependency section */
		B62EB3E21B837B2F00E314B3 /* PBXTargetDependency */ = {
			isa = PBXTargetDependency;
			target = B62EB3C61B837B2F00E314B3 /* ToDoApp */;
			targetProxy = B62EB3E11B837B2F00E314B3 /* PBXContainerItemProxy */;
		};
/* End PBXTargetDependency section */

/* Begin PBXVariantGroup section */
		B62EB3D41B837B2F00E314B3 /* Main.storyboard */ = {
			isa = PBXVariantGroup;
			children = (
				B62EB3D51B837B2F00E314B3 /* Base */,
			);
			name = Main.storyboard;
			sourceTree = "<group>";
		};
		B62EB3D91B837B2F00E314B3 /* LaunchScreen.xib */ = {
			isa = PBXVariantGroup;
			children = (
				B62EB3DA1B837B2F00E314B3 /* Base */,
			);
			name = LaunchScreen.xib;
			sourceTree = "<group>";
		};
/* End PBXVariantGroup section */

/* Begin XCBuildConfiguration section */
		B62EB3E81B837B2F00E314B3 /* Debug */ = {
			isa = XCBuildConfiguration;
			buildSettings = {
				ALWAYS_SEARCH_USER_PATHS = NO;
				CLANG_CXX_LANGUAGE_STANDARD = "gnu++0x";
				CLANG_CXX_LIBRARY = "libc++";
				CLANG_ENABLE_MODULES = YES;
				CLANG_ENABLE_OBJC_ARC = YES;
				CLANG_WARN_BOOL_CONVERSION = YES;
				CLANG_WARN_CONSTANT_CONVERSION = YES;
				CLANG_WARN_DIRECT_OBJC_ISA_USAGE = YES_ERROR;
				CLANG_WARN_EMPTY_BODY = YES;
				CLANG_WARN_ENUM_CONVERSION = YES;
				CLANG_WARN_INT_CONVERSION = YES;
				CLANG_WARN_OBJC_ROOT_CLASS = YES_ERROR;
				CLANG_WARN_UNREACHABLE_CODE = YES;
				CLANG_WARN__DUPLICATE_METHOD_MATCH = YES;
				"CODE_SIGN_IDENTITY[sdk=iphoneos*]" = "iPhone Developer";
				COPY_PHASE_STRIP = NO;
				DEBUG_INFORMATION_FORMAT = "dwarf-with-dsym";
				ENABLE_STRICT_OBJC_MSGSEND = YES;
				GCC_C_LANGUAGE_STANDARD = gnu99;
				GCC_DYNAMIC_NO_PIC = NO;
				GCC_NO_COMMON_BLOCKS = YES;
				GCC_OPTIMIZATION_LEVEL = 0;
				GCC_PREPROCESSOR_DEFINITIONS = (
					"DEBUG=1",
					"$(inherited)",
				);
				GCC_SYMBOLS_PRIVATE_EXTERN = NO;
				GCC_WARN_64_TO_32_BIT_CONVERSION = YES;
				GCC_WARN_ABOUT_RETURN_TYPE = YES_ERROR;
				GCC_WARN_UNDECLARED_SELECTOR = YES;
				GCC_WARN_UNINITIALIZED_AUTOS = YES_AGGRESSIVE;
				GCC_WARN_UNUSED_FUNCTION = YES;
				GCC_WARN_UNUSED_VARIABLE = YES;
				IPHONEOS_DEPLOYMENT_TARGET = 8.4;
				MTL_ENABLE_DEBUG_INFO = YES;
				ONLY_ACTIVE_ARCH = YES;
				SDKROOT = iphoneos;
			};
			name = Debug;
		};
		B62EB3E91B837B2F00E314B3 /* Release */ = {
			isa = XCBuildConfiguration;
			buildSettings = {
				ALWAYS_SEARCH_USER_PATHS = NO;
				CLANG_CXX_LANGUAGE_STANDARD = "gnu++0x";
				CLANG_CXX_LIBRARY = "libc++";
				CLANG_ENABLE_MODULES = YES;
				CLANG_ENABLE_OBJC_ARC = YES;
				CLANG_WARN_BOOL_CONVERSION = YES;
				CLANG_WARN_CONSTANT_CONVERSION = YES;
				CLANG_WARN_DIRECT_OBJC_ISA_USAGE = YES_ERROR;
				CLANG_WARN_EMPTY_BODY = YES;
				CLANG_WARN_ENUM_CONVERSION = YES;
				CLANG_WARN_INT_CONVERSION = YES;
				CLANG_WARN_OBJC_ROOT_CLASS = YES_ERROR;
				CLANG_WARN_UNREACHABLE_CODE = YES;
				CLANG_WARN__DUPLICATE_METHOD_MATCH = YES;
				"CODE_SIGN_IDENTITY[sdk=iphoneos*]" = "iPhone Developer";
				COPY_PHASE_STRIP = NO;
				DEBUG_INFORMATION_FORMAT = "dwarf-with-dsym";
				ENABLE_NS_ASSERTIONS = NO;
				ENABLE_STRICT_OBJC_MSGSEND = YES;
				GCC_C_LANGUAGE_STANDARD = gnu99;
				GCC_NO_COMMON_BLOCKS = YES;
				GCC_WARN_64_TO_32_BIT_CONVERSION = YES;
				GCC_WARN_ABOUT_RETURN_TYPE = YES_ERROR;
				GCC_WARN_UNDECLARED_SELECTOR = YES;
				GCC_WARN_UNINITIALIZED_AUTOS = YES_AGGRESSIVE;
				GCC_WARN_UNUSED_FUNCTION = YES;
				GCC_WARN_UNUSED_VARIABLE = YES;
				IPHONEOS_DEPLOYMENT_TARGET = 8.4;
				MTL_ENABLE_DEBUG_INFO = NO;
				SDKROOT = iphoneos;
				VALIDATE_PRODUCT = YES;
			};
			name = Release;
		};
		B62EB3EB1B837B2F00E314B3 /* Debug */ = {
			isa = XCBuildConfiguration;
			buildSettings = {
				ASSETCATALOG_COMPILER_APPICON_NAME = AppIcon;
				INFOPLIST_FILE = ToDoApp/Info.plist;
				LD_RUNPATH_SEARCH_PATHS = "$(inherited) @executable_path/Frameworks";
				PRODUCT_NAME = "$(TARGET_NAME)";
			};
			name = Debug;
		};
		B62EB3EC1B837B2F00E314B3 /* Release */ = {
			isa = XCBuildConfiguration;
			buildSettings = {
				ASSETCATALOG_COMPILER_APPICON_NAME = AppIcon;
				INFOPLIST_FILE = ToDoApp/Info.plist;
				LD_RUNPATH_SEARCH_PATHS = "$(inherited) @executable_path/Frameworks";
				PRODUCT_NAME = "$(TARGET_NAME)";
			};
			name = Release;
		};
		B62EB3EE1B837B2F00E314B3 /* Debug */ = {
			isa = XCBuildConfiguration;
			buildSettings = {
				BUNDLE_LOADER = "$(TEST_HOST)";
				FRAMEWORK_SEARCH_PATHS = (
					"$(SDKROOT)/Developer/Library/Frameworks",
					"$(inherited)",
				);
				GCC_PREPROCESSOR_DEFINITIONS = (
					"DEBUG=1",
					"$(inherited)",
				);
				INFOPLIST_FILE = ToDoAppTests/Info.plist;
				LD_RUNPATH_SEARCH_PATHS = "$(inherited) @executable_path/Frameworks @loader_path/Frameworks";
				PRODUCT_NAME = "$(TARGET_NAME)";
				TEST_HOST = "$(BUILT_PRODUCTS_DIR)/ToDoApp.app/ToDoApp";
			};
			name = Debug;
		};
		B62EB3EF1B837B2F00E314B3 /* Release */ = {
			isa = XCBuildConfiguration;
			buildSettings = {
				BUNDLE_LOADER = "$(TEST_HOST)";
				FRAMEWORK_SEARCH_PATHS = (
					"$(SDKROOT)/Developer/Library/Frameworks",
					"$(inherited)",
				);
				INFOPLIST_FILE = ToDoAppTests/Info.plist;
				LD_RUNPATH_SEARCH_PATHS = "$(inherited) @executable_path/Frameworks @loader_path/Frameworks";
				PRODUCT_NAME = "$(TARGET_NAME)";
				TEST_HOST = "$(BUILT_PRODUCTS_DIR)/ToDoApp.app/ToDoApp";
			};
			name = Release;
		};
/* End XCBuildConfiguration section */

/* Begin XCConfigurationList section */
		B62EB3C21B837B2F00E314B3 /* Build configuration list for PBXProject "ToDoApp" */ = {
			isa = XCConfigurationList;
			buildConfigurations = (
				B62EB3E81B837B2F00E314B3 /* Debug */,
				B62EB3E91B837B2F00E314B3 /* Release */,
			);
			defaultConfigurationIsVisible = 0;
			defaultConfigurationName = Release;
		};
		B62EB3EA1B837B2F00E314B3 /* Build configuration list for PBXNativeTarget "ToDoApp" */ = {
			isa = XCConfigurationList;
			buildConfigurations = (
				B62EB3EB1B837B2F00E314B3 /* Debug */,
				B62EB3EC1B837B2F00E314B3 /* Release */,
			);
			defaultConfigurationIsVisible = 0;
		};
		B62EB3ED1B837B2F00E314B3 /* Build configuration list for PBXNativeTarget "ToDoAppTests" */ = {
			isa = XCConfigurationList;
			buildConfigurations = (
				B62EB3EE1B837B2F00E314B3 /* Debug */,
				B62EB3EF1B837B2F00E314B3 /* Release */,
			);
			defaultConfigurationIsVisible = 0;
		};
/* End XCConfigurationList section */
	};
	rootObject = B62EB3BF1B837B2F00E314B3 /* Project object */;
}
